
Microsoft Visual Studio Solution File, Format Version 12.00
# Visual Studio 14
VisualStudioVersion = 14.0.25123.0
MinimumVisualStudioVersion = 10.0.40219.1
Project("{2150E333-8FDC-42A3-9474-1A3956D46DE8}") = "src", "src", "{0CEDDE1B-8E1C-4ADE-9E6D-BBA16B703BA8}"
EndProject
Project("{2150E333-8FDC-42A3-9474-1A3956D46DE8}") = "Solution Items", "Solution Items", "{8AECC729-ED5A-4CB9-AF7A-40EE9B50A35A}"
	ProjectSection(SolutionItems) = preProject
		global.json = global.json
	EndProjectSection
EndProject
Project("{8BB2217D-0F2D-49D1-97BC-3654ED321F3B}") = "MvcMovie", "src\MvcMovie\MvcMovie.xproj", "{B640B611-4203-40E2-9F20-9BC8733377EA}"
EndProject
Global
	GlobalSection(SolutionConfigurationPlatforms) = preSolution
		Debug|Any CPU = Debug|Any CPU
		Release|Any CPU = Release|Any CPU
	EndGlobalSection
	GlobalSection(ProjectConfigurationPlatforms) = postSolution
		{B640B611-4203-40E2-9F20-9BC8733377EA}.Debug|Any CPU.ActiveCfg = Debug|Any CPU
		{B640B611-4203-40E2-9F20-9BC8733377EA}.Debug|Any CPU.Build.0 = Debug|Any CPU
		{B640B611-4203-40E2-9F20-9BC8733377EA}.Release|Any CPU.ActiveCfg = Release|Any CPU
		{B640B611-4203-40E2-9F20-9BC8733377EA}.Release|Any CPU.Build.0 = Release|Any CPU
	EndGlobalSection
	GlobalSection(SolutionProperties) = preSolution
		HideSolutionNode = FALSE
	EndGlobalSection
	GlobalSection(NestedProjects) = preSolution
		{B640B611-4203-40E2-9F20-9BC8733377EA} = {0CEDDE1B-8E1C-4ADE-9E6D-BBA16B703BA8}
	EndGlobalSection
EndGlobal
